
Microsoft Visual Studio Solution File, Format Version 12.00
# Visual Studio Version 17
VisualStudioVersion = 17.9.34616.47
MinimumVisualStudioVersion = 10.0.40219.1
Project("{FAE04EC0-301F-11D3-BF4B-00C04F79EFBC}") = "WindowsFormsApp1", "WindowsFormsApp1.csproj", "{BEA0E66C-E207-407B-9D03-B468A43A6744}"
EndProject
Global
	GlobalSection(SolutionConfigurationPlatforms) = preSolution
		Debug|Any CPU = Debug|Any CPU
		Release|Any CPU = Release|Any CPU
	EndGlobalSection
	GlobalSection(ProjectConfigurationPlatforms) = postSolution
		{BEA0E66C-E207-407B-9D03-B468A43A6744}.Debug|Any CPU.ActiveCfg = Debug|Any CPU
		{BEA0E66C-E207-407B-9D03-B468A43A6744}.Debug|Any CPU.Build.0 = Debug|Any CPU
		{BEA0E66C-E207-407B-9D03-B468A43A6744}.Release|Any CPU.ActiveCfg = Release|Any CPU
		{BEA0E66C-E207-407B-9D03-B468A43A6744}.Release|Any CPU.Build.0 = Release|Any CPU
	EndGlobalSection
	GlobalSection(SolutionProperties) = preSolution
		HideSolutionNode = FALSE
	EndGlobalSection
	GlobalSection(ExtensibilityGlobals) = postSolution
		SolutionGuid = {DBFAE216-F851-4E04-B304-BF059DC464C6}
	EndGlobalSection
EndGlobal
